
Microsoft Visual Studio Solution File, Format Version 12.00
# Visual Studio Version 17
VisualStudioVersion = 17.11.35327.3
MinimumVisualStudioVersion = 10.0.40219.1
Project("{FAE04EC0-301F-11D3-BF4B-00C04F79EFBC}") = "RESTforCD", "RESTforCD\RESTforCD.csproj", "{07F3ED6D-3D95-468A-828C-637D81E815BB}"
EndProject
Global
	GlobalSection(SolutionConfigurationPlatforms) = preSolution
		Debug|Any CPU = Debug|Any CPU
		Release|Any CPU = Release|Any CPU
	EndGlobalSection
	GlobalSection(ProjectConfigurationPlatforms) = postSolution
		{07F3ED6D-3D95-468A-828C-637D81E815BB}.Debug|Any CPU.ActiveCfg = Debug|Any CPU
		{07F3ED6D-3D95-468A-828C-637D81E815BB}.Debug|Any CPU.Build.0 = Debug|Any CPU
		{07F3ED6D-3D95-468A-828C-637D81E815BB}.Release|Any CPU.ActiveCfg = Release|Any CPU
		{07F3ED6D-3D95-468A-828C-637D81E815BB}.Release|Any CPU.Build.0 = Release|Any CPU
	EndGlobalSection
	GlobalSection(SolutionProperties) = preSolution
		HideSolutionNode = FALSE
	EndGlobalSection
	GlobalSection(ExtensibilityGlobals) = postSolution
		SolutionGuid = {73246D13-8E7A-4B0C-B11A-DC0B6AF227DF}
	EndGlobalSection
EndGlobal
